// !$*UTF8*$!
{
	archiveVersion = 1;
	classes = {
	};
	objectVersion = 56;
	objects = {

/* Begin PBXBuildFile section */
		BC08291A2D4E996800394C57 /* AppDelegate.swift in Sources */ = {isa = PBXBuildFile; fileRef = BC0829192D4E996800394C57 /* AppDelegate.swift */; };
		BC08291C2D4E996800394C57 /* SceneDelegate.swift in Sources */ = {isa = PBXBuildFile; fileRef = BC08291B2D4E996800394C57 /* SceneDelegate.swift */; };
		BC0829242D4E996800394C57 /* MovieScope.xcdatamodeld in Sources */ = {isa = PBXBuildFile; fileRef = BC0829222D4E996800394C57 /* MovieScope.xcdatamodeld */; };
		BC0829262D4E996900394C57 /* Assets.xcassets in Resources */ = {isa = PBXBuildFile; fileRef = BC0829252D4E996900394C57 /* Assets.xcassets */; };
		BC0829352D4FA32000394C57 /* Movie.swift in Sources */ = {isa = PBXBuildFile; fileRef = BC0829342D4FA32000394C57 /* Movie.swift */; };
		BC0829382D4FDDC900394C57 /* Movies.swift in Sources */ = {isa = PBXBuildFile; fileRef = BC0829372D4FDDC900394C57 /* Movies.swift */; };
		BC0829412D4FE8B500394C57 /* CoreDataStorageService.swift in Sources */ = {isa = PBXBuildFile; fileRef = BC0829402D4FE8B400394C57 /* CoreDataStorageService.swift */; };
		BC0829462D4FE90600394C57 /* MoviesViewModel.swift in Sources */ = {isa = PBXBuildFile; fileRef = BC0829452D4FE90600394C57 /* MoviesViewModel.swift */; };
		BC0829482D4FEAB200394C57 /* MoviesViewController.swift in Sources */ = {isa = PBXBuildFile; fileRef = BC0829472D4FEAB200394C57 /* MoviesViewController.swift */; };
		BC08294A2D4FEBA200394C57 /* MovieDetailsViewController.swift in Sources */ = {isa = PBXBuildFile; fileRef = BC0829492D4FEBA200394C57 /* MovieDetailsViewController.swift */; };
		BC08294C2D4FEBD200394C57 /* MovieDetailsViewModel.swift in Sources */ = {isa = PBXBuildFile; fileRef = BC08294B2D4FEBD200394C57 /* MovieDetailsViewModel.swift */; };
		BC08294F2D4FF4FF00394C57 /* AppCoordinator.swift in Sources */ = {isa = PBXBuildFile; fileRef = BC08294E2D4FF4FF00394C57 /* AppCoordinator.swift */; };
		BC0829542D4FFECA00394C57 /* MoviesCoordinator.swift in Sources */ = {isa = PBXBuildFile; fileRef = BC0829532D4FFECA00394C57 /* MoviesCoordinator.swift */; };
		BC0829582D50007300394C57 /* Constants.swift in Sources */ = {isa = PBXBuildFile; fileRef = BC0829572D50007300394C57 /* Constants.swift */; };
		BC0829612D50DC0F00394C57 /* MoviesRepositoryProtocol.swift in Sources */ = {isa = PBXBuildFile; fileRef = BC0829602D50DC0F00394C57 /* MoviesRepositoryProtocol.swift */; };
		BC0829632D50DE0900394C57 /* GetMoviesUseCase.swift in Sources */ = {isa = PBXBuildFile; fileRef = BC0829622D50DE0900394C57 /* GetMoviesUseCase.swift */; };
		BC0829652D50E3EE00394C57 /* MoviesRepository.swift in Sources */ = {isa = PBXBuildFile; fileRef = BC0829642D50E3EE00394C57 /* MoviesRepository.swift */; };
		BC0829672D51121F00394C57 /* BaseAPIService.swift in Sources */ = {isa = PBXBuildFile; fileRef = BC0829662D51121F00394C57 /* BaseAPIService.swift */; };
		BC0829692D51142000394C57 /* URLRequest.swift in Sources */ = {isa = PBXBuildFile; fileRef = BC0829682D51142000394C57 /* URLRequest.swift */; };
		BC08296B2D51161500394C57 /* Endpoint.swift in Sources */ = {isa = PBXBuildFile; fileRef = BC08296A2D51161500394C57 /* Endpoint.swift */; };
		BC08296D2D511B9A00394C57 /* AppConfigurator.swift in Sources */ = {isa = PBXBuildFile; fileRef = BC08296C2D511B9A00394C57 /* AppConfigurator.swift */; };
		BC08296F2D51485F00394C57 /* MoviesRemote.swift in Sources */ = {isa = PBXBuildFile; fileRef = BC08296E2D51485F00394C57 /* MoviesRemote.swift */; };
		BC0829712D51487100394C57 /* MovieRemote.swift in Sources */ = {isa = PBXBuildFile; fileRef = BC0829702D51487100394C57 /* MovieRemote.swift */; };
		BC0829732D516C3800394C57 /* MoviesAPIService.swift in Sources */ = {isa = PBXBuildFile; fileRef = BC0829722D516C3800394C57 /* MoviesAPIService.swift */; };
		BC0829762D5218A100394C57 /* MovieTableViewCell.swift in Sources */ = {isa = PBXBuildFile; fileRef = BC0829752D5218A100394C57 /* MovieTableViewCell.swift */; };
		BC0829792D5222D600394C57 /* Alertable.swift in Sources */ = {isa = PBXBuildFile; fileRef = BC0829782D5222D600394C57 /* Alertable.swift */; };
		BC08297C2D5376ED00394C57 /* MoviesStorage.swift in Sources */ = {isa = PBXBuildFile; fileRef = BC08297B2D5376ED00394C57 /* MoviesStorage.swift */; };
		BC0829972D538A0700394C57 /* MoviesEntity+CoreDataClass.swift in Sources */ = {isa = PBXBuildFile; fileRef = BC0829932D538A0700394C57 /* MoviesEntity+CoreDataClass.swift */; };
		BC0829982D538A0700394C57 /* MoviesEntity+CoreDataProperties.swift in Sources */ = {isa = PBXBuildFile; fileRef = BC0829942D538A0700394C57 /* MoviesEntity+CoreDataProperties.swift */; };
		BC0829992D538A0700394C57 /* MovieEntity+CoreDataClass.swift in Sources */ = {isa = PBXBuildFile; fileRef = BC0829952D538A0700394C57 /* MovieEntity+CoreDataClass.swift */; };
		BC08299A2D538A0700394C57 /* MovieEntity+CoreDataProperties.swift in Sources */ = {isa = PBXBuildFile; fileRef = BC0829962D538A0700394C57 /* MovieEntity+CoreDataProperties.swift */; };
/* End PBXBuildFile section */

/* Begin PBXFileReference section */
		BC0829162D4E996800394C57 /* MovieScope.app */ = {isa = PBXFileReference; explicitFileType = wrapper.application; includeInIndex = 0; path = MovieScope.app; sourceTree = BUILT_PRODUCTS_DIR; };
		BC0829192D4E996800394C57 /* AppDelegate.swift */ = {isa = PBXFileReference; lastKnownFileType = sourcecode.swift; path = AppDelegate.swift; sourceTree = "<group>"; };
		BC08291B2D4E996800394C57 /* SceneDelegate.swift */ = {isa = PBXFileReference; lastKnownFileType = sourcecode.swift; path = SceneDelegate.swift; sourceTree = "<group>"; };
		BC0829232D4E996800394C57 /* MovieScope.xcdatamodel */ = {isa = PBXFileReference; lastKnownFileType = wrapper.xcdatamodel; path = MovieScope.xcdatamodel; sourceTree = "<group>"; };
		BC0829252D4E996900394C57 /* Assets.xcassets */ = {isa = PBXFileReference; lastKnownFileType = folder.assetcatalog; path = Assets.xcassets; sourceTree = "<group>"; };
		BC08292A2D4E996900394C57 /* Info.plist */ = {isa = PBXFileReference; lastKnownFileType = text.plist.xml; path = Info.plist; sourceTree = "<group>"; };
		BC0829342D4FA32000394C57 /* Movie.swift */ = {isa = PBXFileReference; lastKnownFileType = sourcecode.swift; path = Movie.swift; sourceTree = "<group>"; };
		BC0829372D4FDDC900394C57 /* Movies.swift */ = {isa = PBXFileReference; lastKnownFileType = sourcecode.swift; path = Movies.swift; sourceTree = "<group>"; };
		BC0829402D4FE8B400394C57 /* CoreDataStorageService.swift */ = {isa = PBXFileReference; lastKnownFileType = sourcecode.swift; path = CoreDataStorageService.swift; sourceTree = "<group>"; };
		BC0829452D4FE90600394C57 /* MoviesViewModel.swift */ = {isa = PBXFileReference; lastKnownFileType = sourcecode.swift; path = MoviesViewModel.swift; sourceTree = "<group>"; };
		BC0829472D4FEAB200394C57 /* MoviesViewController.swift */ = {isa = PBXFileReference; lastKnownFileType = sourcecode.swift; path = MoviesViewController.swift; sourceTree = "<group>"; };
		BC0829492D4FEBA200394C57 /* MovieDetailsViewController.swift */ = {isa = PBXFileReference; lastKnownFileType = sourcecode.swift; path = MovieDetailsViewController.swift; sourceTree = "<group>"; };
		BC08294B2D4FEBD200394C57 /* MovieDetailsViewModel.swift */ = {isa = PBXFileReference; lastKnownFileType = sourcecode.swift; path = MovieDetailsViewModel.swift; sourceTree = "<group>"; };
		BC08294E2D4FF4FF00394C57 /* AppCoordinator.swift */ = {isa = PBXFileReference; lastKnownFileType = sourcecode.swift; path = AppCoordinator.swift; sourceTree = "<group>"; };
		BC0829532D4FFECA00394C57 /* MoviesCoordinator.swift */ = {isa = PBXFileReference; lastKnownFileType = sourcecode.swift; path = MoviesCoordinator.swift; sourceTree = "<group>"; };
		BC0829572D50007300394C57 /* Constants.swift */ = {isa = PBXFileReference; lastKnownFileType = sourcecode.swift; path = Constants.swift; sourceTree = "<group>"; };
		BC0829602D50DC0F00394C57 /* MoviesRepositoryProtocol.swift */ = {isa = PBXFileReference; lastKnownFileType = sourcecode.swift; path = MoviesRepositoryProtocol.swift; sourceTree = "<group>"; };
		BC0829622D50DE0900394C57 /* GetMoviesUseCase.swift */ = {isa = PBXFileReference; lastKnownFileType = sourcecode.swift; path = GetMoviesUseCase.swift; sourceTree = "<group>"; };
		BC0829642D50E3EE00394C57 /* MoviesRepository.swift */ = {isa = PBXFileReference; lastKnownFileType = sourcecode.swift; path = MoviesRepository.swift; sourceTree = "<group>"; };
		BC0829662D51121F00394C57 /* BaseAPIService.swift */ = {isa = PBXFileReference; lastKnownFileType = sourcecode.swift; path = BaseAPIService.swift; sourceTree = "<group>"; };
		BC0829682D51142000394C57 /* URLRequest.swift */ = {isa = PBXFileReference; lastKnownFileType = sourcecode.swift; path = URLRequest.swift; sourceTree = "<group>"; };
		BC08296A2D51161500394C57 /* Endpoint.swift */ = {isa = PBXFileReference; lastKnownFileType = sourcecode.swift; path = Endpoint.swift; sourceTree = "<group>"; };
		BC08296C2D511B9A00394C57 /* AppConfigurator.swift */ = {isa = PBXFileReference; lastKnownFileType = sourcecode.swift; path = AppConfigurator.swift; sourceTree = "<group>"; };
		BC08296E2D51485F00394C57 /* MoviesRemote.swift */ = {isa = PBXFileReference; lastKnownFileType = sourcecode.swift; path = MoviesRemote.swift; sourceTree = "<group>"; };
		BC0829702D51487100394C57 /* MovieRemote.swift */ = {isa = PBXFileReference; lastKnownFileType = sourcecode.swift; path = MovieRemote.swift; sourceTree = "<group>"; };
		BC0829722D516C3800394C57 /* MoviesAPIService.swift */ = {isa = PBXFileReference; lastKnownFileType = sourcecode.swift; path = MoviesAPIService.swift; sourceTree = "<group>"; };
		BC0829752D5218A100394C57 /* MovieTableViewCell.swift */ = {isa = PBXFileReference; lastKnownFileType = sourcecode.swift; path = MovieTableViewCell.swift; sourceTree = "<group>"; };
		BC0829782D5222D600394C57 /* Alertable.swift */ = {isa = PBXFileReference; lastKnownFileType = sourcecode.swift; path = Alertable.swift; sourceTree = "<group>"; };
		BC08297B2D5376ED00394C57 /* MoviesStorage.swift */ = {isa = PBXFileReference; lastKnownFileType = sourcecode.swift; path = MoviesStorage.swift; sourceTree = "<group>"; };
		BC0829932D538A0700394C57 /* MoviesEntity+CoreDataClass.swift */ = {isa = PBXFileReference; lastKnownFileType = sourcecode.swift; path = "MoviesEntity+CoreDataClass.swift"; sourceTree = "<group>"; };
		BC0829942D538A0700394C57 /* MoviesEntity+CoreDataProperties.swift */ = {isa = PBXFileReference; lastKnownFileType = sourcecode.swift; path = "MoviesEntity+CoreDataProperties.swift"; sourceTree = "<group>"; };
		BC0829952D538A0700394C57 /* MovieEntity+CoreDataClass.swift */ = {isa = PBXFileReference; lastKnownFileType = sourcecode.swift; path = "MovieEntity+CoreDataClass.swift"; sourceTree = "<group>"; };
		BC0829962D538A0700394C57 /* MovieEntity+CoreDataProperties.swift */ = {isa = PBXFileReference; lastKnownFileType = sourcecode.swift; path = "MovieEntity+CoreDataProperties.swift"; sourceTree = "<group>"; };
/* End PBXFileReference section */

/* Begin PBXFrameworksBuildPhase section */
		BC0829132D4E996800394C57 /* Frameworks */ = {
			isa = PBXFrameworksBuildPhase;
			buildActionMask = 2147483647;
			files = (
			);
			runOnlyForDeploymentPostprocessing = 0;
		};
/* End PBXFrameworksBuildPhase section */

/* Begin PBXGroup section */
		BC08290D2D4E996800394C57 = {
			isa = PBXGroup;
			children = (
				BC0829182D4E996800394C57 /* MovieScope */,
				BC0829172D4E996800394C57 /* Products */,
			);
			sourceTree = "<group>";
		};
		BC0829172D4E996800394C57 /* Products */ = {
			isa = PBXGroup;
			children = (
				BC0829162D4E996800394C57 /* MovieScope.app */,
			);
			name = Products;
			sourceTree = "<group>";
		};
		BC0829182D4E996800394C57 /* MovieScope */ = {
			isa = PBXGroup;
			children = (
				BC0829502D4FFE6500394C57 /* Common */,
				BC0829312D4F9BF400394C57 /* Application */,
				BC0829302D4F9BEE00394C57 /* Domain */,
				BC08293A2D4FE21F00394C57 /* Presentation */,
				BC08295B2D5001AC00394C57 /* Data */,
				BC0829322D4F9BFE00394C57 /* Infrastructure */,
				BC08293B2D4FE22900394C57 /* Resources */,
			);
			path = MovieScope;
			sourceTree = "<group>";
		};
		BC0829302D4F9BEE00394C57 /* Domain */ = {
			isa = PBXGroup;
			children = (
				BC0829332D4FA31300394C57 /* Entities */,
				BC0829392D4FDE6300394C57 /* UseCases */,
				BC08295A2D50017800394C57 /* RepositoriesProtocols */,
			);
			path = Domain;
			sourceTree = "<group>";
		};
		BC0829312D4F9BF400394C57 /* Application */ = {
			isa = PBXGroup;
			children = (
				BC08294E2D4FF4FF00394C57 /* AppCoordinator.swift */,
				BC0829192D4E996800394C57 /* AppDelegate.swift */,
				BC08291B2D4E996800394C57 /* SceneDelegate.swift */,
				BC08296C2D511B9A00394C57 /* AppConfigurator.swift */,
			);
			path = Application;
			sourceTree = "<group>";
		};
		BC0829322D4F9BFE00394C57 /* Infrastructure */ = {
			isa = PBXGroup;
			children = (
				BC0829592D50009C00394C57 /* Network */,
			);
			path = Infrastructure;
			sourceTree = "<group>";
		};
		BC0829332D4FA31300394C57 /* Entities */ = {
			isa = PBXGroup;
			children = (
				BC0829342D4FA32000394C57 /* Movie.swift */,
				BC0829372D4FDDC900394C57 /* Movies.swift */,
			);
			path = Entities;
			sourceTree = "<group>";
		};
		BC0829392D4FDE6300394C57 /* UseCases */ = {
			isa = PBXGroup;
			children = (
				BC0829622D50DE0900394C57 /* GetMoviesUseCase.swift */,
			);
			path = UseCases;
			sourceTree = "<group>";
		};
		BC08293A2D4FE21F00394C57 /* Presentation */ = {
			isa = PBXGroup;
			children = (
				BC0829772D5222C600394C57 /* Common */,
				BC0829552D50003300394C57 /* MovieScene */,
			);
			path = Presentation;
			sourceTree = "<group>";
		};
		BC08293B2D4FE22900394C57 /* Resources */ = {
			isa = PBXGroup;
			children = (
				BC0829252D4E996900394C57 /* Assets.xcassets */,
				BC08292A2D4E996900394C57 /* Info.plist */,
			);
			path = Resources;
			sourceTree = "<group>";
		};
		BC08293C2D4FE6A500394C57 /* Movies */ = {
			isa = PBXGroup;
			children = (
				BC0829742D52188600394C57 /* MovieCell */,
				BC0829452D4FE90600394C57 /* MoviesViewModel.swift */,
				BC0829472D4FEAB200394C57 /* MoviesViewController.swift */,
			);
			path = Movies;
			sourceTree = "<group>";
		};
		BC08293F2D4FE89B00394C57 /* CoreDataStorage */ = {
			isa = PBXGroup;
			children = (
				BC0829222D4E996800394C57 /* MovieScope.xcdatamodeld */,
				BC0829402D4FE8B400394C57 /* CoreDataStorageService.swift */,
			);
			path = CoreDataStorage;
			sourceTree = "<group>";
		};
		BC0829422D4FE8C600394C57 /* MovieDetails */ = {
			isa = PBXGroup;
			children = (
				BC08294B2D4FEBD200394C57 /* MovieDetailsViewModel.swift */,
				BC0829492D4FEBA200394C57 /* MovieDetailsViewController.swift */,
			);
			path = MovieDetails;
			sourceTree = "<group>";
		};
		BC0829502D4FFE6500394C57 /* Common */ = {
			isa = PBXGroup;
			children = (
				BC0829572D50007300394C57 /* Constants.swift */,
			);
			path = Common;
			sourceTree = "<group>";
		};
		BC0829552D50003300394C57 /* MovieScene */ = {
			isa = PBXGroup;
			children = (
				BC0829562D50006100394C57 /* Coordinator */,
				BC08293C2D4FE6A500394C57 /* Movies */,
				BC0829422D4FE8C600394C57 /* MovieDetails */,
			);
			path = MovieScene;
			sourceTree = "<group>";
		};
		BC0829562D50006100394C57 /* Coordinator */ = {
			isa = PBXGroup;
			children = (
				BC0829532D4FFECA00394C57 /* MoviesCoordinator.swift */,
			);
			path = Coordinator;
			sourceTree = "<group>";
		};
		BC0829592D50009C00394C57 /* Network */ = {
			isa = PBXGroup;
			children = (
				BC0829722D516C3800394C57 /* MoviesAPIService.swift */,
				BC0829662D51121F00394C57 /* BaseAPIService.swift */,
				BC0829682D51142000394C57 /* URLRequest.swift */,
				BC08296A2D51161500394C57 /* Endpoint.swift */,
			);
			path = Network;
			sourceTree = "<group>";
		};
		BC08295A2D50017800394C57 /* RepositoriesProtocols */ = {
			isa = PBXGroup;
			children = (
				BC0829602D50DC0F00394C57 /* MoviesRepositoryProtocol.swift */,
			);
			path = RepositoriesProtocols;
			sourceTree = "<group>";
		};
		BC08295B2D5001AC00394C57 /* Data */ = {
			isa = PBXGroup;
			children = (
				BC08295E2D5001CD00394C57 /* PersistentStorages */,
				BC08295D2D5001C800394C57 /* Network */,
				BC08295C2D5001BC00394C57 /* Repositories */,
			);
			path = Data;
			sourceTree = "<group>";
		};
		BC08295C2D5001BC00394C57 /* Repositories */ = {
			isa = PBXGroup;
			children = (
				BC0829642D50E3EE00394C57 /* MoviesRepository.swift */,
			);
			path = Repositories;
			sourceTree = "<group>";
		};
		BC08295D2D5001C800394C57 /* Network */ = {
			isa = PBXGroup;
			children = (
				BC08296E2D51485F00394C57 /* MoviesRemote.swift */,
				BC0829702D51487100394C57 /* MovieRemote.swift */,
			);
			path = Network;
			sourceTree = "<group>";
		};
		BC08295E2D5001CD00394C57 /* PersistentStorages */ = {
			isa = PBXGroup;
			children = (
				BC08297A2D5376DB00394C57 /* MoviesStorage */,
				BC08293F2D4FE89B00394C57 /* CoreDataStorage */,
			);
			path = PersistentStorages;
			sourceTree = "<group>";
		};
		BC0829742D52188600394C57 /* MovieCell */ = {
			isa = PBXGroup;
			children = (
				BC0829752D5218A100394C57 /* MovieTableViewCell.swift */,
			);
			path = MovieCell;
			sourceTree = "<group>";
		};
		BC0829772D5222C600394C57 /* Common */ = {
			isa = PBXGroup;
			children = (
				BC0829782D5222D600394C57 /* Alertable.swift */,
			);
			path = Common;
			sourceTree = "<group>";
		};
		BC08297A2D5376DB00394C57 /* MoviesStorage */ = {
			isa = PBXGroup;
			children = (
				BC08298A2D53877C00394C57 /* Movies */,
				BC0829892D53876600394C57 /* Movie */,
				BC08297B2D5376ED00394C57 /* MoviesStorage.swift */,
			);
			path = MoviesStorage;
			sourceTree = "<group>";
		};
		BC0829892D53876600394C57 /* Movie */ = {
			isa = PBXGroup;
			children = (
				BC0829952D538A0700394C57 /* MovieEntity+CoreDataClass.swift */,
				BC0829962D538A0700394C57 /* MovieEntity+CoreDataProperties.swift */,
			);
			path = Movie;
			sourceTree = "<group>";
		};
		BC08298A2D53877C00394C57 /* Movies */ = {
			isa = PBXGroup;
			children = (
				BC0829932D538A0700394C57 /* MoviesEntity+CoreDataClass.swift */,
				BC0829942D538A0700394C57 /* MoviesEntity+CoreDataProperties.swift */,
			);
			path = Movies;
			sourceTree = "<group>";
		};
/* End PBXGroup section */

/* Begin PBXNativeTarget section */
		BC0829152D4E996800394C57 /* MovieScope */ = {
			isa = PBXNativeTarget;
			buildConfigurationList = BC08292D2D4E996900394C57 /* Build configuration list for PBXNativeTarget "MovieScope" */;
			buildPhases = (
				BC0829122D4E996800394C57 /* Sources */,
				BC0829132D4E996800394C57 /* Frameworks */,
				BC0829142D4E996800394C57 /* Resources */,
			);
			buildRules = (
			);
			dependencies = (
			);
			name = MovieScope;
			productName = MovieScope;
			productReference = BC0829162D4E996800394C57 /* MovieScope.app */;
			productType = "com.apple.product-type.application";
		};
/* End PBXNativeTarget section */

/* Begin PBXProject section */
		BC08290E2D4E996800394C57 /* Project object */ = {
			isa = PBXProject;
			attributes = {
				BuildIndependentTargetsInParallel = 1;
				LastSwiftUpdateCheck = 1520;
				LastUpgradeCheck = 1520;
				TargetAttributes = {
					BC0829152D4E996800394C57 = {
						CreatedOnToolsVersion = 15.2;
					};
				};
			};
			buildConfigurationList = BC0829112D4E996800394C57 /* Build configuration list for PBXProject "MovieScope" */;
			compatibilityVersion = "Xcode 14.0";
			developmentRegion = en;
			hasScannedForEncodings = 0;
			knownRegions = (
				en,
				Base,
			);
			mainGroup = BC08290D2D4E996800394C57;
			productRefGroup = BC0829172D4E996800394C57 /* Products */;
			projectDirPath = "";
			projectRoot = "";
			targets = (
				BC0829152D4E996800394C57 /* MovieScope */,
			);
		};
/* End PBXProject section */

/* Begin PBXResourcesBuildPhase section */
		BC0829142D4E996800394C57 /* Resources */ = {
			isa = PBXResourcesBuildPhase;
			buildActionMask = 2147483647;
			files = (
				BC0829262D4E996900394C57 /* Assets.xcassets in Resources */,
			);
			runOnlyForDeploymentPostprocessing = 0;
		};
/* End PBXResourcesBuildPhase section */

/* Begin PBXSourcesBuildPhase section */
		BC0829122D4E996800394C57 /* Sources */ = {
			isa = PBXSourcesBuildPhase;
			buildActionMask = 2147483647;
			files = (
				BC08294F2D4FF4FF00394C57 /* AppCoordinator.swift in Sources */,
				BC08294C2D4FEBD200394C57 /* MovieDetailsViewModel.swift in Sources */,
				BC0829242D4E996800394C57 /* MovieScope.xcdatamodeld in Sources */,
				BC0829712D51487100394C57 /* MovieRemote.swift in Sources */,
				BC0829382D4FDDC900394C57 /* Movies.swift in Sources */,
				BC0829762D5218A100394C57 /* MovieTableViewCell.swift in Sources */,
				BC08294A2D4FEBA200394C57 /* MovieDetailsViewController.swift in Sources */,
				BC08291A2D4E996800394C57 /* AppDelegate.swift in Sources */,
				BC08291C2D4E996800394C57 /* SceneDelegate.swift in Sources */,
				BC0829462D4FE90600394C57 /* MoviesViewModel.swift in Sources */,
				BC0829992D538A0700394C57 /* MovieEntity+CoreDataClass.swift in Sources */,
				BC08299A2D538A0700394C57 /* MovieEntity+CoreDataProperties.swift in Sources */,
				BC08297C2D5376ED00394C57 /* MoviesStorage.swift in Sources */,
				BC0829412D4FE8B500394C57 /* CoreDataStorageService.swift in Sources */,
				BC08296F2D51485F00394C57 /* MoviesRemote.swift in Sources */,
				BC0829672D51121F00394C57 /* BaseAPIService.swift in Sources */,
				BC0829692D51142000394C57 /* URLRequest.swift in Sources */,
				BC0829352D4FA32000394C57 /* Movie.swift in Sources */,
				BC0829732D516C3800394C57 /* MoviesAPIService.swift in Sources */,
				BC0829612D50DC0F00394C57 /* MoviesRepositoryProtocol.swift in Sources */,
				BC0829972D538A0700394C57 /* MoviesEntity+CoreDataClass.swift in Sources */,
				BC0829982D538A0700394C57 /* MoviesEntity+CoreDataProperties.swift in Sources */,
				BC0829792D5222D600394C57 /* Alertable.swift in Sources */,
				BC08296D2D511B9A00394C57 /* AppConfigurator.swift in Sources */,
				BC08296B2D51161500394C57 /* Endpoint.swift in Sources */,
				BC0829582D50007300394C57 /* Constants.swift in Sources */,
				BC0829632D50DE0900394C57 /* GetMoviesUseCase.swift in Sources */,
				BC0829652D50E3EE00394C57 /* MoviesRepository.swift in Sources */,
				BC0829542D4FFECA00394C57 /* MoviesCoordinator.swift in Sources */,
				BC0829482D4FEAB200394C57 /* MoviesViewController.swift in Sources */,
			);
			runOnlyForDeploymentPostprocessing = 0;
		};
/* End PBXSourcesBuildPhase section */

/* Begin XCBuildConfiguration section */
		BC08292B2D4E996900394C57 /* Debug */ = {
			isa = XCBuildConfiguration;
			buildSettings = {
				ALWAYS_SEARCH_USER_PATHS = NO;
				ASSETCATALOG_COMPILER_GENERATE_SWIFT_ASSET_SYMBOL_EXTENSIONS = YES;
				CLANG_ANALYZER_NONNULL = YES;
				CLANG_ANALYZER_NUMBER_OBJECT_CONVERSION = YES_AGGRESSIVE;
				CLANG_CXX_LANGUAGE_STANDARD = "gnu++20";
				CLANG_ENABLE_MODULES = YES;
				CLANG_ENABLE_OBJC_ARC = YES;
				CLANG_ENABLE_OBJC_WEAK = YES;
				CLANG_WARN_BLOCK_CAPTURE_AUTORELEASING = YES;
				CLANG_WARN_BOOL_CONVERSION = YES;
				CLANG_WARN_COMMA = YES;
				CLANG_WARN_CONSTANT_CONVERSION = YES;
				CLANG_WARN_DEPRECATED_OBJC_IMPLEMENTATIONS = YES;
				CLANG_WARN_DIRECT_OBJC_ISA_USAGE = YES_ERROR;
				CLANG_WARN_DOCUMENTATION_COMMENTS = YES;
				CLANG_WARN_EMPTY_BODY = YES;
				CLANG_WARN_ENUM_CONVERSION = YES;
				CLANG_WARN_INFINITE_RECURSION = YES;
				CLANG_WARN_INT_CONVERSION = YES;
				CLANG_WARN_NON_LITERAL_NULL_CONVERSION = YES;
				CLANG_WARN_OBJC_IMPLICIT_RETAIN_SELF = YES;
				CLANG_WARN_OBJC_LITERAL_CONVERSION = YES;
				CLANG_WARN_OBJC_ROOT_CLASS = YES_ERROR;
				CLANG_WARN_QUOTED_INCLUDE_IN_FRAMEWORK_HEADER = YES;
				CLANG_WARN_RANGE_LOOP_ANALYSIS = YES;
				CLANG_WARN_STRICT_PROTOTYPES = YES;
				CLANG_WARN_SUSPICIOUS_MOVE = YES;
				CLANG_WARN_UNGUARDED_AVAILABILITY = YES_AGGRESSIVE;
				CLANG_WARN_UNREACHABLE_CODE = YES;
				CLANG_WARN__DUPLICATE_METHOD_MATCH = YES;
				COPY_PHASE_STRIP = NO;
				DEBUG_INFORMATION_FORMAT = dwarf;
				ENABLE_STRICT_OBJC_MSGSEND = YES;
				ENABLE_TESTABILITY = YES;
				ENABLE_USER_SCRIPT_SANDBOXING = YES;
				GCC_C_LANGUAGE_STANDARD = gnu17;
				GCC_DYNAMIC_NO_PIC = NO;
				GCC_NO_COMMON_BLOCKS = YES;
				GCC_OPTIMIZATION_LEVEL = 0;
				GCC_PREPROCESSOR_DEFINITIONS = (
					"DEBUG=1",
					"$(inherited)",
				);
				GCC_WARN_64_TO_32_BIT_CONVERSION = YES;
				GCC_WARN_ABOUT_RETURN_TYPE = YES_ERROR;
				GCC_WARN_UNDECLARED_SELECTOR = YES;
				GCC_WARN_UNINITIALIZED_AUTOS = YES_AGGRESSIVE;
				GCC_WARN_UNUSED_FUNCTION = YES;
				GCC_WARN_UNUSED_VARIABLE = YES;
				IPHONEOS_DEPLOYMENT_TARGET = 17.2;
				LOCALIZATION_PREFERS_STRING_CATALOGS = YES;
				MTL_ENABLE_DEBUG_INFO = INCLUDE_SOURCE;
				MTL_FAST_MATH = YES;
				ONLY_ACTIVE_ARCH = YES;
				SDKROOT = iphoneos;
				SWIFT_ACTIVE_COMPILATION_CONDITIONS = "DEBUG $(inherited)";
				SWIFT_OPTIMIZATION_LEVEL = "-Onone";
			};
			name = Debug;
		};
		BC08292C2D4E996900394C57 /* Release */ = {
			isa = XCBuildConfiguration;
			buildSettings = {
				ALWAYS_SEARCH_USER_PATHS = NO;
				ASSETCATALOG_COMPILER_GENERATE_SWIFT_ASSET_SYMBOL_EXTENSIONS = YES;
				CLANG_ANALYZER_NONNULL = YES;
				CLANG_ANALYZER_NUMBER_OBJECT_CONVERSION = YES_AGGRESSIVE;
				CLANG_CXX_LANGUAGE_STANDARD = "gnu++20";
				CLANG_ENABLE_MODULES = YES;
				CLANG_ENABLE_OBJC_ARC = YES;
				CLANG_ENABLE_OBJC_WEAK = YES;
				CLANG_WARN_BLOCK_CAPTURE_AUTORELEASING = YES;
				CLANG_WARN_BOOL_CONVERSION = YES;
				CLANG_WARN_COMMA = YES;
				CLANG_WARN_CONSTANT_CONVERSION = YES;
				CLANG_WARN_DEPRECATED_OBJC_IMPLEMENTATIONS = YES;
				CLANG_WARN_DIRECT_OBJC_ISA_USAGE = YES_ERROR;
				CLANG_WARN_DOCUMENTATION_COMMENTS = YES;
				CLANG_WARN_EMPTY_BODY = YES;
				CLANG_WARN_ENUM_CONVERSION = YES;
				CLANG_WARN_INFINITE_RECURSION = YES;
				CLANG_WARN_INT_CONVERSION = YES;
				CLANG_WARN_NON_LITERAL_NULL_CONVERSION = YES;
				CLANG_WARN_OBJC_IMPLICIT_RETAIN_SELF = YES;
				CLANG_WARN_OBJC_LITERAL_CONVERSION = YES;
				CLANG_WARN_OBJC_ROOT_CLASS = YES_ERROR;
				CLANG_WARN_QUOTED_INCLUDE_IN_FRAMEWORK_HEADER = YES;
				CLANG_WARN_RANGE_LOOP_ANALYSIS = YES;
				CLANG_WARN_STRICT_PROTOTYPES = YES;
				CLANG_WARN_SUSPICIOUS_MOVE = YES;
				CLANG_WARN_UNGUARDED_AVAILABILITY = YES_AGGRESSIVE;
				CLANG_WARN_UNREACHABLE_CODE = YES;
				CLANG_WARN__DUPLICATE_METHOD_MATCH = YES;
				COPY_PHASE_STRIP = NO;
				DEBUG_INFORMATION_FORMAT = "dwarf-with-dsym";
				ENABLE_NS_ASSERTIONS = NO;
				ENABLE_STRICT_OBJC_MSGSEND = YES;
				ENABLE_USER_SCRIPT_SANDBOXING = YES;
				GCC_C_LANGUAGE_STANDARD = gnu17;
				GCC_NO_COMMON_BLOCKS = YES;
				GCC_WARN_64_TO_32_BIT_CONVERSION = YES;
				GCC_WARN_ABOUT_RETURN_TYPE = YES_ERROR;
				GCC_WARN_UNDECLARED_SELECTOR = YES;
				GCC_WARN_UNINITIALIZED_AUTOS = YES_AGGRESSIVE;
				GCC_WARN_UNUSED_FUNCTION = YES;
				GCC_WARN_UNUSED_VARIABLE = YES;
				IPHONEOS_DEPLOYMENT_TARGET = 17.2;
				LOCALIZATION_PREFERS_STRING_CATALOGS = YES;
				MTL_ENABLE_DEBUG_INFO = NO;
				MTL_FAST_MATH = YES;
				SDKROOT = iphoneos;
				SWIFT_COMPILATION_MODE = wholemodule;
				VALIDATE_PRODUCT = YES;
			};
			name = Release;
		};
		BC08292E2D4E996900394C57 /* Debug */ = {
			isa = XCBuildConfiguration;
			buildSettings = {
				ACCESS_TOKEN = "Bearer eyJhbGciOiJIUzI1NiJ9.eyJhdWQiOiJhYjdkMTI2MGQyYzNkMjc4NmIzZjA4ZmVmNzRhMWIzNiIsIm5iZiI6MTYxNzk0NjI4Ni43MDMsInN1YiI6IjYwNmZlNmFlYTA2NjQ1MDA0MTIxYWU0NyIsInNjb3BlcyI6WyJhcGlfcmVhZCJdLCJ2ZXJzaW9uIjoxfQ.wq9suHptx1sHwW2mGoSDEFN1hniiBpUtu-R6NtCcROU";
				ASSETCATALOG_COMPILER_APPICON_NAME = AppIcon;
				ASSETCATALOG_COMPILER_GLOBAL_ACCENT_COLOR_NAME = AccentColor;
				BASE_API_URL = "https://api.themoviedb.org";
				CODE_SIGN_STYLE = Automatic;
				CURRENT_PROJECT_VERSION = 1;
				DEVELOPMENT_TEAM = 94V7T8FB6N;
				GENERATE_INFOPLIST_FILE = YES;
				INFOPLIST_FILE = MovieScope/Resources/Info.plist;
				INFOPLIST_KEY_UIApplicationSupportsIndirectInputEvents = YES;
				INFOPLIST_KEY_UILaunchStoryboardName = "";
				INFOPLIST_KEY_UIMainStoryboardFile = "";
				INFOPLIST_KEY_UISupportedInterfaceOrientations_iPad = "UIInterfaceOrientationPortrait UIInterfaceOrientationPortraitUpsideDown UIInterfaceOrientationLandscapeLeft UIInterfaceOrientationLandscapeRight";
				INFOPLIST_KEY_UISupportedInterfaceOrientations_iPhone = "UIInterfaceOrientationPortrait UIInterfaceOrientationLandscapeLeft UIInterfaceOrientationLandscapeRight";
				IPHONEOS_DEPLOYMENT_TARGET = 15.0;
				LD_RUNPATH_SEARCH_PATHS = (
					"$(inherited)",
					"@executable_path/Frameworks",
				);
				MARKETING_VERSION = 1.0;
				PRODUCT_BUNDLE_IDENTIFIER = lenasoroka.MovieScope;
				PRODUCT_NAME = "$(TARGET_NAME)";
				SUPPORTED_PLATFORMS = "iphoneos iphonesimulator";
				SUPPORTS_MACCATALYST = NO;
				SUPPORTS_MAC_DESIGNED_FOR_IPHONE_IPAD = NO;
				SUPPORTS_XR_DESIGNED_FOR_IPHONE_IPAD = NO;
				SWIFT_EMIT_LOC_STRINGS = YES;
				SWIFT_VERSION = 5.0;
				TARGETED_DEVICE_FAMILY = "1,2";
			};
			name = Debug;
		};
		BC08292F2D4E996900394C57 /* Release */ = {
			isa = XCBuildConfiguration;
			buildSettings = {
				ACCESS_TOKEN = "Bearer eyJhbGciOiJIUzI1NiJ9.eyJhdWQiOiJhYjdkMTI2MGQyYzNkMjc4NmIzZjA4ZmVmNzRhMWIzNiIsIm5iZiI6MTYxNzk0NjI4Ni43MDMsInN1YiI6IjYwNmZlNmFlYTA2NjQ1MDA0MTIxYWU0NyIsInNjb3BlcyI6WyJhcGlfcmVhZCJdLCJ2ZXJzaW9uIjoxfQ.wq9suHptx1sHwW2mGoSDEFN1hniiBpUtu-R6NtCcROU";
				ASSETCATALOG_COMPILER_APPICON_NAME = AppIcon;
				ASSETCATALOG_COMPILER_GLOBAL_ACCENT_COLOR_NAME = AccentColor;
				BASE_API_URL = "https://api.themoviedb.org";
				CODE_SIGN_STYLE = Automatic;
				CURRENT_PROJECT_VERSION = 1;
				DEVELOPMENT_TEAM = 94V7T8FB6N;
				GENERATE_INFOPLIST_FILE = YES;
				INFOPLIST_FILE = MovieScope/Resources/Info.plist;
				INFOPLIST_KEY_UIApplicationSupportsIndirectInputEvents = YES;
				INFOPLIST_KEY_UILaunchStoryboardName = "";
				INFOPLIST_KEY_UIMainStoryboardFile = "";
				INFOPLIST_KEY_UISupportedInterfaceOrientations_iPad = "UIInterfaceOrientationPortrait UIInterfaceOrientationPortraitUpsideDown UIInterfaceOrientationLandscapeLeft UIInterfaceOrientationLandscapeRight";
				INFOPLIST_KEY_UISupportedInterfaceOrientations_iPhone = "UIInterfaceOrientationPortrait UIInterfaceOrientationLandscapeLeft UIInterfaceOrientationLandscapeRight";
				IPHONEOS_DEPLOYMENT_TARGET = 15.0;
				LD_RUNPATH_SEARCH_PATHS = (
					"$(inherited)",
					"@executable_path/Frameworks",
				);
				MARKETING_VERSION = 1.0;
				PRODUCT_BUNDLE_IDENTIFIER = lenasoroka.MovieScope;
				PRODUCT_NAME = "$(TARGET_NAME)";
				SUPPORTED_PLATFORMS = "iphoneos iphonesimulator";
				SUPPORTS_MACCATALYST = NO;
				SUPPORTS_MAC_DESIGNED_FOR_IPHONE_IPAD = NO;
				SUPPORTS_XR_DESIGNED_FOR_IPHONE_IPAD = NO;
				SWIFT_EMIT_LOC_STRINGS = YES;
				SWIFT_VERSION = 5.0;
				TARGETED_DEVICE_FAMILY = "1,2";
			};
			name = Release;
		};
/* End XCBuildConfiguration section */

/* Begin XCConfigurationList section */
		BC0829112D4E996800394C57 /* Build configuration list for PBXProject "MovieScope" */ = {
			isa = XCConfigurationList;
			buildConfigurations = (
				BC08292B2D4E996900394C57 /* Debug */,
				BC08292C2D4E996900394C57 /* Release */,
			);
			defaultConfigurationIsVisible = 0;
			defaultConfigurationName = Release;
		};
		BC08292D2D4E996900394C57 /* Build configuration list for PBXNativeTarget "MovieScope" */ = {
			isa = XCConfigurationList;
			buildConfigurations = (
				BC08292E2D4E996900394C57 /* Debug */,
				BC08292F2D4E996900394C57 /* Release */,
			);
			defaultConfigurationIsVisible = 0;
			defaultConfigurationName = Release;
		};
/* End XCConfigurationList section */

/* Begin XCVersionGroup section */
		BC0829222D4E996800394C57 /* MovieScope.xcdatamodeld */ = {
			isa = XCVersionGroup;
			children = (
				BC0829232D4E996800394C57 /* MovieScope.xcdatamodel */,
			);
			currentVersion = BC0829232D4E996800394C57 /* MovieScope.xcdatamodel */;
			path = MovieScope.xcdatamodeld;
			sourceTree = "<group>";
			versionGroupType = wrapper.xcdatamodel;
		};
/* End XCVersionGroup section */
	};
	rootObject = BC08290E2D4E996800394C57 /* Project object */;
}
